
Microsoft Visual Studio Solution File, Format Version 12.00
# Visual Studio Version 17
VisualStudioVersion = 17.11.35208.52
MinimumVisualStudioVersion = 10.0.40219.1
Project("{FAE04EC0-301F-11D3-BF4B-00C04F79EFBC}") = "JoseMiguelVaconezCLase3", "JoseMiguelVaconezCLase3\JoseMiguelVaconezCLase3.csproj", "{BBDF2CBC-A517-44EE-80C0-40181A676825}"
EndProject
Global
	GlobalSection(SolutionConfigurationPlatforms) = preSolution
		Debug|Any CPU = Debug|Any CPU
		Release|Any CPU = Release|Any CPU
	EndGlobalSection
	GlobalSection(ProjectConfigurationPlatforms) = postSolution
		{BBDF2CBC-A517-44EE-80C0-40181A676825}.Debug|Any CPU.ActiveCfg = Debug|Any CPU
		{BBDF2CBC-A517-44EE-80C0-40181A676825}.Debug|Any CPU.Build.0 = Debug|Any CPU
		{BBDF2CBC-A517-44EE-80C0-40181A676825}.Release|Any CPU.ActiveCfg = Release|Any CPU
		{BBDF2CBC-A517-44EE-80C0-40181A676825}.Release|Any CPU.Build.0 = Release|Any CPU
	EndGlobalSection
	GlobalSection(SolutionProperties) = preSolution
		HideSolutionNode = FALSE
	EndGlobalSection
	GlobalSection(ExtensibilityGlobals) = postSolution
		SolutionGuid = {C77125B2-21A5-4B09-AA92-400292A5D8E4}
	EndGlobalSection
EndGlobal
